
Microsoft Visual Studio Solution File, Format Version 12.00
# Visual Studio 2013
VisualStudioVersion = 12.0.30723.0
MinimumVisualStudioVersion = 10.0.40219.1
Project("{FAE04EC0-301F-11D3-BF4B-00C04F79EFBC}") = "Test404", "Test404.csproj", "{5F721ED9-A77E-474F-982A-1D2556B0FD7A}"
EndProject
Global
	GlobalSection(SolutionConfigurationPlatforms) = preSolution
		Debug|Any CPU = Debug|Any CPU
		Release|Any CPU = Release|Any CPU
	EndGlobalSection
	GlobalSection(ProjectConfigurationPlatforms) = postSolution
		{5F721ED9-A77E-474F-982A-1D2556B0FD7A}.Debug|Any CPU.ActiveCfg = Debug|Any CPU
		{5F721ED9-A77E-474F-982A-1D2556B0FD7A}.Debug|Any CPU.Build.0 = Debug|Any CPU
		{5F721ED9-A77E-474F-982A-1D2556B0FD7A}.Release|Any CPU.ActiveCfg = Release|Any CPU
		{5F721ED9-A77E-474F-982A-1D2556B0FD7A}.Release|Any CPU.Build.0 = Release|Any CPU
	EndGlobalSection
	GlobalSection(SolutionProperties) = preSolution
		HideSolutionNode = FALSE
	EndGlobalSection
EndGlobal
